
Microsoft Visual Studio Solution File, Format Version 12.00
# Visual Studio Version 16
VisualStudioVersion = 16.0.34601.136
MinimumVisualStudioVersion = 10.0.40219.1
Project("{9A19103F-16F7-4668-BE54-9A1E7A4F7556}") = "StudentManagement", "WebApplication3\StudentManagement.csproj", "{B97CCE81-C323-45D2-BC7D-7487B9713251}"
EndProject
Global
	GlobalSection(SolutionConfigurationPlatforms) = preSolution
		Debug|Any CPU = Debug|Any CPU
		Release|Any CPU = Release|Any CPU
	EndGlobalSection
	GlobalSection(ProjectConfigurationPlatforms) = postSolution
		{B97CCE81-C323-45D2-BC7D-7487B9713251}.Debug|Any CPU.ActiveCfg = Debug|Any CPU
		{B97CCE81-C323-45D2-BC7D-7487B9713251}.Debug|Any CPU.Build.0 = Debug|Any CPU
		{B97CCE81-C323-45D2-BC7D-7487B9713251}.Release|Any CPU.ActiveCfg = Release|Any CPU
		{B97CCE81-C323-45D2-BC7D-7487B9713251}.Release|Any CPU.Build.0 = Release|Any CPU
	EndGlobalSection
	GlobalSection(SolutionProperties) = preSolution
		HideSolutionNode = FALSE
	EndGlobalSection
	GlobalSection(ExtensibilityGlobals) = postSolution
		SolutionGuid = {C6D47E70-7825-4F5B-BF82-0F91E6F46632}
	EndGlobalSection
EndGlobal
